// !$*UTF8*$!
{
	archiveVersion = 1;
	classes = {
	};
	objectVersion = 77;
	objects = {

/* Begin PBXBuildFile section */
		42DCE9887D094099980B3766 /* Pods_PlayletTests.framework in Frameworks */ = {isa = PBXBuildFile; fileRef = 512FC6736F386D5F5B10D5BF /* Pods_PlayletTests.framework */; };
		5613963996ABDB3547EB1D35 /* Pods_Playlet_PlayletUITests.framework in Frameworks */ = {isa = PBXBuildFile; fileRef = 503D7E8715270877F91CEC44 /* Pods_Playlet_PlayletUITests.framework */; };
		FEC4A73DFB18F26BF6C9E002 /* Pods_Playlet.framework in Frameworks */ = {isa = PBXBuildFile; fileRef = 60BA5895F16DA23FA30D1B7E /* Pods_Playlet.framework */; };
/* End PBXBuildFile section */

/* Begin PBXContainerItemProxy section */
		1DE003262D1C044500E59081 /* PBXContainerItemProxy */ = {
			isa = PBXContainerItemProxy;
			containerPortal = 1DE0030C2D1C044300E59081 /* Project object */;
			proxyType = 1;
			remoteGlobalIDString = 1DE003132D1C044300E59081;
			remoteInfo = Playlet;
		};
		1DE003302D1C044500E59081 /* PBXContainerItemProxy */ = {
			isa = PBXContainerItemProxy;
			containerPortal = 1DE0030C2D1C044300E59081 /* Project object */;
			proxyType = 1;
			remoteGlobalIDString = 1DE003132D1C044300E59081;
			remoteInfo = Playlet;
		};
/* End PBXContainerItemProxy section */

/* Begin PBXFileReference section */
		1DE003142D1C044300E59081 /* Playlet.app */ = {isa = PBXFileReference; explicitFileType = wrapper.application; includeInIndex = 0; path = Playlet.app; sourceTree = BUILT_PRODUCTS_DIR; };
		1DE003252D1C044500E59081 /* PlayletTests.xctest */ = {isa = PBXFileReference; explicitFileType = wrapper.cfbundle; includeInIndex = 0; path = PlayletTests.xctest; sourceTree = BUILT_PRODUCTS_DIR; };
		1DE0032F2D1C044500E59081 /* PlayletUITests.xctest */ = {isa = PBXFileReference; explicitFileType = wrapper.cfbundle; includeInIndex = 0; path = PlayletUITests.xctest; sourceTree = BUILT_PRODUCTS_DIR; };
		38E391820ADCCAF8D874CAF8 /* Pods-Playlet.debug.xcconfig */ = {isa = PBXFileReference; includeInIndex = 1; lastKnownFileType = text.xcconfig; name = "Pods-Playlet.debug.xcconfig"; path = "Target Support Files/Pods-Playlet/Pods-Playlet.debug.xcconfig"; sourceTree = "<group>"; };
		503D7E8715270877F91CEC44 /* Pods_Playlet_PlayletUITests.framework */ = {isa = PBXFileReference; explicitFileType = wrapper.framework; includeInIndex = 0; path = Pods_Playlet_PlayletUITests.framework; sourceTree = BUILT_PRODUCTS_DIR; };
		512FC6736F386D5F5B10D5BF /* Pods_PlayletTests.framework */ = {isa = PBXFileReference; explicitFileType = wrapper.framework; includeInIndex = 0; path = Pods_PlayletTests.framework; sourceTree = BUILT_PRODUCTS_DIR; };
		60BA5895F16DA23FA30D1B7E /* Pods_Playlet.framework */ = {isa = PBXFileReference; explicitFileType = wrapper.framework; includeInIndex = 0; path = Pods_Playlet.framework; sourceTree = BUILT_PRODUCTS_DIR; };
		D66CE8F44C11982057740BE9 /* Pods-PlayletTests.debug.xcconfig */ = {isa = PBXFileReference; includeInIndex = 1; lastKnownFileType = text.xcconfig; name = "Pods-PlayletTests.debug.xcconfig"; path = "Target Support Files/Pods-PlayletTests/Pods-PlayletTests.debug.xcconfig"; sourceTree = "<group>"; };
		D8DB221897FB1DB5D0B2FBB8 /* Pods-Playlet-PlayletUITests.debug.xcconfig */ = {isa = PBXFileReference; includeInIndex = 1; lastKnownFileType = text.xcconfig; name = "Pods-Playlet-PlayletUITests.debug.xcconfig"; path = "Target Support Files/Pods-Playlet-PlayletUITests/Pods-Playlet-PlayletUITests.debug.xcconfig"; sourceTree = "<group>"; };
		E5B1247978E770344E3C524D /* Pods-Playlet-PlayletUITests.release.xcconfig */ = {isa = PBXFileReference; includeInIndex = 1; lastKnownFileType = text.xcconfig; name = "Pods-Playlet-PlayletUITests.release.xcconfig"; path = "Target Support Files/Pods-Playlet-PlayletUITests/Pods-Playlet-PlayletUITests.release.xcconfig"; sourceTree = "<group>"; };
		EB6065C22328F13093F4A865 /* Pods-PlayletTests.release.xcconfig */ = {isa = PBXFileReference; includeInIndex = 1; lastKnownFileType = text.xcconfig; name = "Pods-PlayletTests.release.xcconfig"; path = "Target Support Files/Pods-PlayletTests/Pods-PlayletTests.release.xcconfig"; sourceTree = "<group>"; };
		F067F2B4B5638C42602DFB16 /* Pods-Playlet.release.xcconfig */ = {isa = PBXFileReference; includeInIndex = 1; lastKnownFileType = text.xcconfig; name = "Pods-Playlet.release.xcconfig"; path = "Target Support Files/Pods-Playlet/Pods-Playlet.release.xcconfig"; sourceTree = "<group>"; };
/* End PBXFileReference section */

/* Begin PBXFileSystemSynchronizedRootGroup section */
		1DE003162D1C044300E59081 /* Playlet */ = {
			isa = PBXFileSystemSynchronizedRootGroup;
			exceptions = (
			);
			path = Playlet;
			sourceTree = "<group>";
		};
		1DE003282D1C044500E59081 /* PlayletTests */ = {
			isa = PBXFileSystemSynchronizedRootGroup;
			exceptions = (
			);
			path = PlayletTests;
			sourceTree = "<group>";
		};
		1DE003322D1C044500E59081 /* PlayletUITests */ = {
			isa = PBXFileSystemSynchronizedRootGroup;
			exceptions = (
			);
			path = PlayletUITests;
			sourceTree = "<group>";
		};
/* End PBXFileSystemSynchronizedRootGroup section */

/* Begin PBXFrameworksBuildPhase section */
		1DE003112D1C044300E59081 /* Frameworks */ = {
			isa = PBXFrameworksBuildPhase;
			buildActionMask = 2147483647;
			files = (
				FEC4A73DFB18F26BF6C9E002 /* Pods_Playlet.framework in Frameworks */,
			);
			runOnlyForDeploymentPostprocessing = 0;
		};
		1DE003222D1C044500E59081 /* Frameworks */ = {
			isa = PBXFrameworksBuildPhase;
			buildActionMask = 2147483647;
			files = (
				42DCE9887D094099980B3766 /* Pods_PlayletTests.framework in Frameworks */,
			);
			runOnlyForDeploymentPostprocessing = 0;
		};
		1DE0032C2D1C044500E59081 /* Frameworks */ = {
			isa = PBXFrameworksBuildPhase;
			buildActionMask = 2147483647;
			files = (
				5613963996ABDB3547EB1D35 /* Pods_Playlet_PlayletUITests.framework in Frameworks */,
			);
			runOnlyForDeploymentPostprocessing = 0;
		};
/* End PBXFrameworksBuildPhase section */

/* Begin PBXGroup section */
		025D246ABB365B76B1B3F5D9 /* Frameworks */ = {
			isa = PBXGroup;
			children = (
				60BA5895F16DA23FA30D1B7E /* Pods_Playlet.framework */,
				503D7E8715270877F91CEC44 /* Pods_Playlet_PlayletUITests.framework */,
				512FC6736F386D5F5B10D5BF /* Pods_PlayletTests.framework */,
			);
			name = Frameworks;
			sourceTree = "<group>";
		};
		1DE0030B2D1C044300E59081 = {
			isa = PBXGroup;
			children = (
				1DE003162D1C044300E59081 /* Playlet */,
				1DE003282D1C044500E59081 /* PlayletTests */,
				1DE003322D1C044500E59081 /* PlayletUITests */,
				1DE003152D1C044300E59081 /* Products */,
				706BC61F60689814AA9291B8 /* Pods */,
				025D246ABB365B76B1B3F5D9 /* Frameworks */,
			);
			sourceTree = "<group>";
		};
		1DE003152D1C044300E59081 /* Products */ = {
			isa = PBXGroup;
			children = (
				1DE003142D1C044300E59081 /* Playlet.app */,
				1DE003252D1C044500E59081 /* PlayletTests.xctest */,
				1DE0032F2D1C044500E59081 /* PlayletUITests.xctest */,
			);
			name = Products;
			sourceTree = "<group>";
		};
		706BC61F60689814AA9291B8 /* Pods */ = {
			isa = PBXGroup;
			children = (
				38E391820ADCCAF8D874CAF8 /* Pods-Playlet.debug.xcconfig */,
				F067F2B4B5638C42602DFB16 /* Pods-Playlet.release.xcconfig */,
				D8DB221897FB1DB5D0B2FBB8 /* Pods-Playlet-PlayletUITests.debug.xcconfig */,
				E5B1247978E770344E3C524D /* Pods-Playlet-PlayletUITests.release.xcconfig */,
				D66CE8F44C11982057740BE9 /* Pods-PlayletTests.debug.xcconfig */,
				EB6065C22328F13093F4A865 /* Pods-PlayletTests.release.xcconfig */,
			);
			name = Pods;
			path = Pods;
			sourceTree = "<group>";
		};
/* End PBXGroup section */

/* Begin PBXNativeTarget section */
		1DE003132D1C044300E59081 /* Playlet */ = {
			isa = PBXNativeTarget;
			buildConfigurationList = 1DE003392D1C044500E59081 /* Build configuration list for PBXNativeTarget "Playlet" */;
			buildPhases = (
				064889F36F7E67A4C13B2A0C /* [CP] Check Pods Manifest.lock */,
				1DE003102D1C044300E59081 /* Sources */,
				1DE003112D1C044300E59081 /* Frameworks */,
				1DE003122D1C044300E59081 /* Resources */,
				91B9DC10F7B59E196FBF6117 /* [CP] Embed Pods Frameworks */,
			);
			buildRules = (
			);
			dependencies = (
			);
			fileSystemSynchronizedGroups = (
				1DE003162D1C044300E59081 /* Playlet */,
			);
			name = Playlet;
			productName = Playlet;
			productReference = 1DE003142D1C044300E59081 /* Playlet.app */;
			productType = "com.apple.product-type.application";
		};
		1DE003242D1C044500E59081 /* PlayletTests */ = {
			isa = PBXNativeTarget;
			buildConfigurationList = 1DE0033C2D1C044500E59081 /* Build configuration list for PBXNativeTarget "PlayletTests" */;
			buildPhases = (
				23C1BAC05E133E8B74D30668 /* [CP] Check Pods Manifest.lock */,
				1DE003212D1C044500E59081 /* Sources */,
				1DE003222D1C044500E59081 /* Frameworks */,
				1DE003232D1C044500E59081 /* Resources */,
			);
			buildRules = (
			);
			dependencies = (
				1DE003272D1C044500E59081 /* PBXTargetDependency */,
			);
			fileSystemSynchronizedGroups = (
				1DE003282D1C044500E59081 /* PlayletTests */,
			);
			name = PlayletTests;
			productName = PlayletTests;
			productReference = 1DE003252D1C044500E59081 /* PlayletTests.xctest */;
			productType = "com.apple.product-type.bundle.unit-test";
		};
		1DE0032E2D1C044500E59081 /* PlayletUITests */ = {
			isa = PBXNativeTarget;
			buildConfigurationList = 1DE0033F2D1C044500E59081 /* Build configuration list for PBXNativeTarget "PlayletUITests" */;
			buildPhases = (
				802CC94435E3F1969793FD16 /* [CP] Check Pods Manifest.lock */,
				1DE0032B2D1C044500E59081 /* Sources */,
				1DE0032C2D1C044500E59081 /* Frameworks */,
				1DE0032D2D1C044500E59081 /* Resources */,
				F4E78D01ADE619047C2D4ED5 /* [CP] Embed Pods Frameworks */,
			);
			buildRules = (
			);
			dependencies = (
				1DE003312D1C044500E59081 /* PBXTargetDependency */,
			);
			fileSystemSynchronizedGroups = (
				1DE003322D1C044500E59081 /* PlayletUITests */,
			);
			name = PlayletUITests;
			productName = PlayletUITests;
			productReference = 1DE0032F2D1C044500E59081 /* PlayletUITests.xctest */;
			productType = "com.apple.product-type.bundle.ui-testing";
		};
/* End PBXNativeTarget section */

/* Begin PBXProject section */
		1DE0030C2D1C044300E59081 /* Project object */ = {
			isa = PBXProject;
			attributes = {
				BuildIndependentTargetsInParallel = 1;
				LastSwiftUpdateCheck = 1610;
				LastUpgradeCheck = 1610;
				TargetAttributes = {
					1DE003132D1C044300E59081 = {
						CreatedOnToolsVersion = 16.1;
					};
					1DE003242D1C044500E59081 = {
						CreatedOnToolsVersion = 16.1;
						TestTargetID = 1DE003132D1C044300E59081;
					};
					1DE0032E2D1C044500E59081 = {
						CreatedOnToolsVersion = 16.1;
						TestTargetID = 1DE003132D1C044300E59081;
					};
				};
			};
			buildConfigurationList = 1DE0030F2D1C044300E59081 /* Build configuration list for PBXProject "Playlet" */;
			developmentRegion = en;
			hasScannedForEncodings = 0;
			knownRegions = (
				en,
				Base,
			);
			mainGroup = 1DE0030B2D1C044300E59081;
			minimizedProjectReferenceProxies = 1;
			preferredProjectObjectVersion = 77;
			productRefGroup = 1DE003152D1C044300E59081 /* Products */;
			projectDirPath = "";
			projectRoot = "";
			targets = (
				1DE003132D1C044300E59081 /* Playlet */,
				1DE003242D1C044500E59081 /* PlayletTests */,
				1DE0032E2D1C044500E59081 /* PlayletUITests */,
			);
		};
/* End PBXProject section */

/* Begin PBXResourcesBuildPhase section */
		1DE003122D1C044300E59081 /* Resources */ = {
			isa = PBXResourcesBuildPhase;
			buildActionMask = 2147483647;
			files = (
			);
			runOnlyForDeploymentPostprocessing = 0;
		};
		1DE003232D1C044500E59081 /* Resources */ = {
			isa = PBXResourcesBuildPhase;
			buildActionMask = 2147483647;
			files = (
			);
			runOnlyForDeploymentPostprocessing = 0;
		};
		1DE0032D2D1C044500E59081 /* Resources */ = {
			isa = PBXResourcesBuildPhase;
			buildActionMask = 2147483647;
			files = (
			);
			runOnlyForDeploymentPostprocessing = 0;
		};
/* End PBXResourcesBuildPhase section */

/* Begin PBXShellScriptBuildPhase section */
		064889F36F7E67A4C13B2A0C /* [CP] Check Pods Manifest.lock */ = {
			isa = PBXShellScriptBuildPhase;
			buildActionMask = 2147483647;
			files = (
			);
			inputFileListPaths = (
			);
			inputPaths = (
				"${PODS_PODFILE_DIR_PATH}/Podfile.lock",
				"${PODS_ROOT}/Manifest.lock",
			);
			name = "[CP] Check Pods Manifest.lock";
			outputFileListPaths = (
			);
			outputPaths = (
				"$(DERIVED_FILE_DIR)/Pods-Playlet-checkManifestLockResult.txt",
			);
			runOnlyForDeploymentPostprocessing = 0;
			shellPath = /bin/sh;
			shellScript = "diff \"${PODS_PODFILE_DIR_PATH}/Podfile.lock\" \"${PODS_ROOT}/Manifest.lock\" > /dev/null\nif [ $? != 0 ] ; then\n    # print error to STDERR\n    echo \"error: The sandbox is not in sync with the Podfile.lock. Run 'pod install' or update your CocoaPods installation.\" >&2\n    exit 1\nfi\n# This output is used by Xcode 'outputs' to avoid re-running this script phase.\necho \"SUCCESS\" > \"${SCRIPT_OUTPUT_FILE_0}\"\n";
			showEnvVarsInLog = 0;
		};
		23C1BAC05E133E8B74D30668 /* [CP] Check Pods Manifest.lock */ = {
			isa = PBXShellScriptBuildPhase;
			buildActionMask = 2147483647;
			files = (
			);
			inputFileListPaths = (
			);
			inputPaths = (
				"${PODS_PODFILE_DIR_PATH}/Podfile.lock",
				"${PODS_ROOT}/Manifest.lock",
			);
			name = "[CP] Check Pods Manifest.lock";
			outputFileListPaths = (
			);
			outputPaths = (
				"$(DERIVED_FILE_DIR)/Pods-PlayletTests-checkManifestLockResult.txt",
			);
			runOnlyForDeploymentPostprocessing = 0;
			shellPath = /bin/sh;
			shellScript = "diff \"${PODS_PODFILE_DIR_PATH}/Podfile.lock\" \"${PODS_ROOT}/Manifest.lock\" > /dev/null\nif [ $? != 0 ] ; then\n    # print error to STDERR\n    echo \"error: The sandbox is not in sync with the Podfile.lock. Run 'pod install' or update your CocoaPods installation.\" >&2\n    exit 1\nfi\n# This output is used by Xcode 'outputs' to avoid re-running this script phase.\necho \"SUCCESS\" > \"${SCRIPT_OUTPUT_FILE_0}\"\n";
			showEnvVarsInLog = 0;
		};
		802CC94435E3F1969793FD16 /* [CP] Check Pods Manifest.lock */ = {
			isa = PBXShellScriptBuildPhase;
			buildActionMask = 2147483647;
			files = (
			);
			inputFileListPaths = (
			);
			inputPaths = (
				"${PODS_PODFILE_DIR_PATH}/Podfile.lock",
				"${PODS_ROOT}/Manifest.lock",
			);
			name = "[CP] Check Pods Manifest.lock";
			outputFileListPaths = (
			);
			outputPaths = (
				"$(DERIVED_FILE_DIR)/Pods-Playlet-PlayletUITests-checkManifestLockResult.txt",
			);
			runOnlyForDeploymentPostprocessing = 0;
			shellPath = /bin/sh;
			shellScript = "diff \"${PODS_PODFILE_DIR_PATH}/Podfile.lock\" \"${PODS_ROOT}/Manifest.lock\" > /dev/null\nif [ $? != 0 ] ; then\n    # print error to STDERR\n    echo \"error: The sandbox is not in sync with the Podfile.lock. Run 'pod install' or update your CocoaPods installation.\" >&2\n    exit 1\nfi\n# This output is used by Xcode 'outputs' to avoid re-running this script phase.\necho \"SUCCESS\" > \"${SCRIPT_OUTPUT_FILE_0}\"\n";
			showEnvVarsInLog = 0;
		};
		91B9DC10F7B59E196FBF6117 /* [CP] Embed Pods Frameworks */ = {
			isa = PBXShellScriptBuildPhase;
			buildActionMask = 2147483647;
			files = (
			);
			inputFileListPaths = (
				"${PODS_ROOT}/Target Support Files/Pods-Playlet/Pods-Playlet-frameworks-${CONFIGURATION}-input-files.xcfilelist",
			);
			name = "[CP] Embed Pods Frameworks";
			outputFileListPaths = (
				"${PODS_ROOT}/Target Support Files/Pods-Playlet/Pods-Playlet-frameworks-${CONFIGURATION}-output-files.xcfilelist",
			);
			runOnlyForDeploymentPostprocessing = 0;
			shellPath = /bin/sh;
			shellScript = "\"${PODS_ROOT}/Target Support Files/Pods-Playlet/Pods-Playlet-frameworks.sh\"\n";
			showEnvVarsInLog = 0;
		};
		F4E78D01ADE619047C2D4ED5 /* [CP] Embed Pods Frameworks */ = {
			isa = PBXShellScriptBuildPhase;
			buildActionMask = 2147483647;
			files = (
			);
			inputFileListPaths = (
				"${PODS_ROOT}/Target Support Files/Pods-Playlet-PlayletUITests/Pods-Playlet-PlayletUITests-frameworks-${CONFIGURATION}-input-files.xcfilelist",
			);
			name = "[CP] Embed Pods Frameworks";
			outputFileListPaths = (
				"${PODS_ROOT}/Target Support Files/Pods-Playlet-PlayletUITests/Pods-Playlet-PlayletUITests-frameworks-${CONFIGURATION}-output-files.xcfilelist",
			);
			runOnlyForDeploymentPostprocessing = 0;
			shellPath = /bin/sh;
			shellScript = "\"${PODS_ROOT}/Target Support Files/Pods-Playlet-PlayletUITests/Pods-Playlet-PlayletUITests-frameworks.sh\"\n";
			showEnvVarsInLog = 0;
		};
/* End PBXShellScriptBuildPhase section */

/* Begin PBXSourcesBuildPhase section */
		1DE003102D1C044300E59081 /* Sources */ = {
			isa = PBXSourcesBuildPhase;
			buildActionMask = 2147483647;
			files = (
			);
			runOnlyForDeploymentPostprocessing = 0;
		};
		1DE003212D1C044500E59081 /* Sources */ = {
			isa = PBXSourcesBuildPhase;
			buildActionMask = 2147483647;
			files = (
			);
			runOnlyForDeploymentPostprocessing = 0;
		};
		1DE0032B2D1C044500E59081 /* Sources */ = {
			isa = PBXSourcesBuildPhase;
			buildActionMask = 2147483647;
			files = (
			);
			runOnlyForDeploymentPostprocessing = 0;
		};
/* End PBXSourcesBuildPhase section */

/* Begin PBXTargetDependency section */
		1DE003272D1C044500E59081 /* PBXTargetDependency */ = {
			isa = PBXTargetDependency;
			target = 1DE003132D1C044300E59081 /* Playlet */;
			targetProxy = 1DE003262D1C044500E59081 /* PBXContainerItemProxy */;
		};
		1DE003312D1C044500E59081 /* PBXTargetDependency */ = {
			isa = PBXTargetDependency;
			target = 1DE003132D1C044300E59081 /* Playlet */;
			targetProxy = 1DE003302D1C044500E59081 /* PBXContainerItemProxy */;
		};
/* End PBXTargetDependency section */

/* Begin XCBuildConfiguration section */
		1DE003372D1C044500E59081 /* Debug */ = {
			isa = XCBuildConfiguration;
			buildSettings = {
				ALWAYS_SEARCH_USER_PATHS = NO;
				ASSETCATALOG_COMPILER_GENERATE_SWIFT_ASSET_SYMBOL_EXTENSIONS = YES;
				CLANG_ANALYZER_NONNULL = YES;
				CLANG_ANALYZER_NUMBER_OBJECT_CONVERSION = YES_AGGRESSIVE;
				CLANG_CXX_LANGUAGE_STANDARD = "gnu++20";
				CLANG_ENABLE_MODULES = YES;
				CLANG_ENABLE_OBJC_ARC = YES;
				CLANG_ENABLE_OBJC_WEAK = YES;
				CLANG_WARN_BLOCK_CAPTURE_AUTORELEASING = YES;
				CLANG_WARN_BOOL_CONVERSION = YES;
				CLANG_WARN_COMMA = YES;
				CLANG_WARN_CONSTANT_CONVERSION = YES;
				CLANG_WARN_DEPRECATED_OBJC_IMPLEMENTATIONS = YES;
				CLANG_WARN_DIRECT_OBJC_ISA_USAGE = YES_ERROR;
				CLANG_WARN_DOCUMENTATION_COMMENTS = YES;
				CLANG_WARN_EMPTY_BODY = YES;
				CLANG_WARN_ENUM_CONVERSION = YES;
				CLANG_WARN_INFINITE_RECURSION = YES;
				CLANG_WARN_INT_CONVERSION = YES;
				CLANG_WARN_NON_LITERAL_NULL_CONVERSION = YES;
				CLANG_WARN_OBJC_IMPLICIT_RETAIN_SELF = YES;
				CLANG_WARN_OBJC_LITERAL_CONVERSION = YES;
				CLANG_WARN_OBJC_ROOT_CLASS = YES_ERROR;
				CLANG_WARN_QUOTED_INCLUDE_IN_FRAMEWORK_HEADER = YES;
				CLANG_WARN_RANGE_LOOP_ANALYSIS = YES;
				CLANG_WARN_STRICT_PROTOTYPES = YES;
				CLANG_WARN_SUSPICIOUS_MOVE = YES;
				CLANG_WARN_UNGUARDED_AVAILABILITY = YES_AGGRESSIVE;
				CLANG_WARN_UNREACHABLE_CODE = YES;
				CLANG_WARN__DUPLICATE_METHOD_MATCH = YES;
				COPY_PHASE_STRIP = NO;
				DEBUG_INFORMATION_FORMAT = dwarf;
				ENABLE_STRICT_OBJC_MSGSEND = YES;
				ENABLE_TESTABILITY = YES;
				ENABLE_USER_SCRIPT_SANDBOXING = YES;
				GCC_C_LANGUAGE_STANDARD = gnu17;
				GCC_DYNAMIC_NO_PIC = NO;
				GCC_NO_COMMON_BLOCKS = YES;
				GCC_OPTIMIZATION_LEVEL = 0;
				GCC_PREPROCESSOR_DEFINITIONS = (
					"DEBUG=1",
					"$(inherited)",
				);
				GCC_WARN_64_TO_32_BIT_CONVERSION = YES;
				GCC_WARN_ABOUT_RETURN_TYPE = YES_ERROR;
				GCC_WARN_UNDECLARED_SELECTOR = YES;
				GCC_WARN_UNINITIALIZED_AUTOS = YES_AGGRESSIVE;
				GCC_WARN_UNUSED_FUNCTION = YES;
				GCC_WARN_UNUSED_VARIABLE = YES;
				LOCALIZATION_PREFERS_STRING_CATALOGS = YES;
				MTL_ENABLE_DEBUG_INFO = INCLUDE_SOURCE;
				MTL_FAST_MATH = YES;
				ONLY_ACTIVE_ARCH = YES;
				SWIFT_ACTIVE_COMPILATION_CONDITIONS = "DEBUG $(inherited)";
				SWIFT_OPTIMIZATION_LEVEL = "-Onone";
			};
			name = Debug;
		};
		1DE003382D1C044500E59081 /* Release */ = {
			isa = XCBuildConfiguration;
			buildSettings = {
				ALWAYS_SEARCH_USER_PATHS = NO;
				ASSETCATALOG_COMPILER_GENERATE_SWIFT_ASSET_SYMBOL_EXTENSIONS = YES;
				CLANG_ANALYZER_NONNULL = YES;
				CLANG_ANALYZER_NUMBER_OBJECT_CONVERSION = YES_AGGRESSIVE;
				CLANG_CXX_LANGUAGE_STANDARD = "gnu++20";
				CLANG_ENABLE_MODULES = YES;
				CLANG_ENABLE_OBJC_ARC = YES;
				CLANG_ENABLE_OBJC_WEAK = YES;
				CLANG_WARN_BLOCK_CAPTURE_AUTORELEASING = YES;
				CLANG_WARN_BOOL_CONVERSION = YES;
				CLANG_WARN_COMMA = YES;
				CLANG_WARN_CONSTANT_CONVERSION = YES;
				CLANG_WARN_DEPRECATED_OBJC_IMPLEMENTATIONS = YES;
				CLANG_WARN_DIRECT_OBJC_ISA_USAGE = YES_ERROR;
				CLANG_WARN_DOCUMENTATION_COMMENTS = YES;
				CLANG_WARN_EMPTY_BODY = YES;
				CLANG_WARN_ENUM_CONVERSION = YES;
				CLANG_WARN_INFINITE_RECURSION = YES;
				CLANG_WARN_INT_CONVERSION = YES;
				CLANG_WARN_NON_LITERAL_NULL_CONVERSION = YES;
				CLANG_WARN_OBJC_IMPLICIT_RETAIN_SELF = YES;
				CLANG_WARN_OBJC_LITERAL_CONVERSION = YES;
				CLANG_WARN_OBJC_ROOT_CLASS = YES_ERROR;
				CLANG_WARN_QUOTED_INCLUDE_IN_FRAMEWORK_HEADER = YES;
				CLANG_WARN_RANGE_LOOP_ANALYSIS = YES;
				CLANG_WARN_STRICT_PROTOTYPES = YES;
				CLANG_WARN_SUSPICIOUS_MOVE = YES;
				CLANG_WARN_UNGUARDED_AVAILABILITY = YES_AGGRESSIVE;
				CLANG_WARN_UNREACHABLE_CODE = YES;
				CLANG_WARN__DUPLICATE_METHOD_MATCH = YES;
				COPY_PHASE_STRIP = NO;
				DEBUG_INFORMATION_FORMAT = "dwarf-with-dsym";
				ENABLE_NS_ASSERTIONS = NO;
				ENABLE_STRICT_OBJC_MSGSEND = YES;
				ENABLE_USER_SCRIPT_SANDBOXING = YES;
				GCC_C_LANGUAGE_STANDARD = gnu17;
				GCC_NO_COMMON_BLOCKS = YES;
				GCC_WARN_64_TO_32_BIT_CONVERSION = YES;
				GCC_WARN_ABOUT_RETURN_TYPE = YES_ERROR;
				GCC_WARN_UNDECLARED_SELECTOR = YES;
				GCC_WARN_UNINITIALIZED_AUTOS = YES_AGGRESSIVE;
				GCC_WARN_UNUSED_FUNCTION = YES;
				GCC_WARN_UNUSED_VARIABLE = YES;
				LOCALIZATION_PREFERS_STRING_CATALOGS = YES;
				MTL_ENABLE_DEBUG_INFO = NO;
				MTL_FAST_MATH = YES;
				SWIFT_COMPILATION_MODE = wholemodule;
			};
			name = Release;
		};
		1DE0033A2D1C044500E59081 /* Debug */ = {
			isa = XCBuildConfiguration;
			baseConfigurationReference = 38E391820ADCCAF8D874CAF8 /* Pods-Playlet.debug.xcconfig */;
			buildSettings = {
				ASSETCATALOG_COMPILER_APPICON_NAME = AppIcon;
				ASSETCATALOG_COMPILER_GLOBAL_ACCENT_COLOR_NAME = AccentColor;
				CODE_SIGN_ENTITLEMENTS = Playlet/Playlet.entitlements;
				CODE_SIGN_STYLE = Automatic;
				CURRENT_PROJECT_VERSION = 1;
				DEVELOPMENT_ASSET_PATHS = "\"Playlet/Preview Content\"";
				ENABLE_PREVIEWS = YES;
				GENERATE_INFOPLIST_FILE = YES;
				"INFOPLIST_KEY_UIApplicationSceneManifest_Generation[sdk=iphoneos*]" = YES;
				"INFOPLIST_KEY_UIApplicationSceneManifest_Generation[sdk=iphonesimulator*]" = YES;
				"INFOPLIST_KEY_UIApplicationSupportsIndirectInputEvents[sdk=iphoneos*]" = YES;
				"INFOPLIST_KEY_UIApplicationSupportsIndirectInputEvents[sdk=iphonesimulator*]" = YES;
				"INFOPLIST_KEY_UILaunchScreen_Generation[sdk=iphoneos*]" = YES;
				"INFOPLIST_KEY_UILaunchScreen_Generation[sdk=iphonesimulator*]" = YES;
				"INFOPLIST_KEY_UIStatusBarStyle[sdk=iphoneos*]" = UIStatusBarStyleDefault;
				"INFOPLIST_KEY_UIStatusBarStyle[sdk=iphonesimulator*]" = UIStatusBarStyleDefault;
				INFOPLIST_KEY_UISupportedInterfaceOrientations_iPad = "UIInterfaceOrientationPortrait UIInterfaceOrientationPortraitUpsideDown UIInterfaceOrientationLandscapeLeft UIInterfaceOrientationLandscapeRight";
				INFOPLIST_KEY_UISupportedInterfaceOrientations_iPhone = "UIInterfaceOrientationPortrait UIInterfaceOrientationLandscapeLeft UIInterfaceOrientationLandscapeRight";
				IPHONEOS_DEPLOYMENT_TARGET = 18.1;
				LD_RUNPATH_SEARCH_PATHS = "@executable_path/Frameworks";
				"LD_RUNPATH_SEARCH_PATHS[sdk=macosx*]" = "@executable_path/../Frameworks";
				MACOSX_DEPLOYMENT_TARGET = 15.1;
				MARKETING_VERSION = 1.0;
				PRODUCT_BUNDLE_IDENTIFIER = com.test.Playlet;
				PRODUCT_NAME = "$(TARGET_NAME)";
				SDKROOT = auto;
				SUPPORTED_PLATFORMS = "iphoneos iphonesimulator macosx xros xrsimulator";
				SWIFT_EMIT_LOC_STRINGS = YES;
				SWIFT_VERSION = 5.0;
				TARGETED_DEVICE_FAMILY = "1,2,7";
				XROS_DEPLOYMENT_TARGET = 2.1;
			};
			name = Debug;
		};
		1DE0033B2D1C044500E59081 /* Release */ = {
			isa = XCBuildConfiguration;
			baseConfigurationReference = F067F2B4B5638C42602DFB16 /* Pods-Playlet.release.xcconfig */;
			buildSettings = {
				ASSETCATALOG_COMPILER_APPICON_NAME = AppIcon;
				ASSETCATALOG_COMPILER_GLOBAL_ACCENT_COLOR_NAME = AccentColor;
				CODE_SIGN_ENTITLEMENTS = Playlet/Playlet.entitlements;
				CODE_SIGN_STYLE = Automatic;
				CURRENT_PROJECT_VERSION = 1;
				DEVELOPMENT_ASSET_PATHS = "\"Playlet/Preview Content\"";
				ENABLE_PREVIEWS = YES;
				GENERATE_INFOPLIST_FILE = YES;
				"INFOPLIST_KEY_UIApplicationSceneManifest_Generation[sdk=iphoneos*]" = YES;
				"INFOPLIST_KEY_UIApplicationSceneManifest_Generation[sdk=iphonesimulator*]" = YES;
				"INFOPLIST_KEY_UIApplicationSupportsIndirectInputEvents[sdk=iphoneos*]" = YES;
				"INFOPLIST_KEY_UIApplicationSupportsIndirectInputEvents[sdk=iphonesimulator*]" = YES;
				"INFOPLIST_KEY_UILaunchScreen_Generation[sdk=iphoneos*]" = YES;
				"INFOPLIST_KEY_UILaunchScreen_Generation[sdk=iphonesimulator*]" = YES;
				"INFOPLIST_KEY_UIStatusBarStyle[sdk=iphoneos*]" = UIStatusBarStyleDefault;
				"INFOPLIST_KEY_UIStatusBarStyle[sdk=iphonesimulator*]" = UIStatusBarStyleDefault;
				INFOPLIST_KEY_UISupportedInterfaceOrientations_iPad = "UIInterfaceOrientationPortrait UIInterfaceOrientationPortraitUpsideDown UIInterfaceOrientationLandscapeLeft UIInterfaceOrientationLandscapeRight";
				INFOPLIST_KEY_UISupportedInterfaceOrientations_iPhone = "UIInterfaceOrientationPortrait UIInterfaceOrientationLandscapeLeft UIInterfaceOrientationLandscapeRight";
				IPHONEOS_DEPLOYMENT_TARGET = 18.1;
				LD_RUNPATH_SEARCH_PATHS = "@executable_path/Frameworks";
				"LD_RUNPATH_SEARCH_PATHS[sdk=macosx*]" = "@executable_path/../Frameworks";
				MACOSX_DEPLOYMENT_TARGET = 15.1;
				MARKETING_VERSION = 1.0;
				PRODUCT_BUNDLE_IDENTIFIER = com.test.Playlet;
				PRODUCT_NAME = "$(TARGET_NAME)";
				SDKROOT = auto;
				SUPPORTED_PLATFORMS = "iphoneos iphonesimulator macosx xros xrsimulator";
				SWIFT_EMIT_LOC_STRINGS = YES;
				SWIFT_VERSION = 5.0;
				TARGETED_DEVICE_FAMILY = "1,2,7";
				XROS_DEPLOYMENT_TARGET = 2.1;
			};
			name = Release;
		};
		1DE0033D2D1C044500E59081 /* Debug */ = {
			isa = XCBuildConfiguration;
			baseConfigurationReference = D66CE8F44C11982057740BE9 /* Pods-PlayletTests.debug.xcconfig */;
			buildSettings = {
				BUNDLE_LOADER = "$(TEST_HOST)";
				CODE_SIGN_STYLE = Automatic;
				CURRENT_PROJECT_VERSION = 1;
				GENERATE_INFOPLIST_FILE = YES;
				IPHONEOS_DEPLOYMENT_TARGET = 18.1;
				MACOSX_DEPLOYMENT_TARGET = 15.1;
				MARKETING_VERSION = 1.0;
				PRODUCT_BUNDLE_IDENTIFIER = com.test.PlayletTests;
				PRODUCT_NAME = "$(TARGET_NAME)";
				SDKROOT = auto;
				SUPPORTED_PLATFORMS = "iphoneos iphonesimulator macosx xros xrsimulator";
				SWIFT_EMIT_LOC_STRINGS = NO;
				SWIFT_VERSION = 5.0;
				TARGETED_DEVICE_FAMILY = "1,2,7";
				TEST_HOST = "$(BUILT_PRODUCTS_DIR)/Playlet.app/$(BUNDLE_EXECUTABLE_FOLDER_PATH)/Playlet";
				XROS_DEPLOYMENT_TARGET = 2.1;
			};
			name = Debug;
		};
		1DE0033E2D1C044500E59081 /* Release */ = {
			isa = XCBuildConfiguration;
			baseConfigurationReference = EB6065C22328F13093F4A865 /* Pods-PlayletTests.release.xcconfig */;
			buildSettings = {
				BUNDLE_LOADER = "$(TEST_HOST)";
				CODE_SIGN_STYLE = Automatic;
				CURRENT_PROJECT_VERSION = 1;
				GENERATE_INFOPLIST_FILE = YES;
				IPHONEOS_DEPLOYMENT_TARGET = 18.1;
				MACOSX_DEPLOYMENT_TARGET = 15.1;
				MARKETING_VERSION = 1.0;
				PRODUCT_BUNDLE_IDENTIFIER = com.test.PlayletTests;
				PRODUCT_NAME = "$(TARGET_NAME)";
				SDKROOT = auto;
				SUPPORTED_PLATFORMS = "iphoneos iphonesimulator macosx xros xrsimulator";
				SWIFT_EMIT_LOC_STRINGS = NO;
				SWIFT_VERSION = 5.0;
				TARGETED_DEVICE_FAMILY = "1,2,7";
				TEST_HOST = "$(BUILT_PRODUCTS_DIR)/Playlet.app/$(BUNDLE_EXECUTABLE_FOLDER_PATH)/Playlet";
				XROS_DEPLOYMENT_TARGET = 2.1;
			};
			name = Release;
		};
		1DE003402D1C044500E59081 /* Debug */ = {
			isa = XCBuildConfiguration;
			baseConfigurationReference = D8DB221897FB1DB5D0B2FBB8 /* Pods-Playlet-PlayletUITests.debug.xcconfig */;
			buildSettings = {
				CODE_SIGN_STYLE = Automatic;
				CURRENT_PROJECT_VERSION = 1;
				GENERATE_INFOPLIST_FILE = YES;
				IPHONEOS_DEPLOYMENT_TARGET = 18.1;
				MACOSX_DEPLOYMENT_TARGET = 15.1;
				MARKETING_VERSION = 1.0;
				PRODUCT_BUNDLE_IDENTIFIER = com.test.PlayletUITests;
				PRODUCT_NAME = "$(TARGET_NAME)";
				SDKROOT = auto;
				SUPPORTED_PLATFORMS = "iphoneos iphonesimulator macosx xros xrsimulator";
				SWIFT_EMIT_LOC_STRINGS = NO;
				SWIFT_VERSION = 5.0;
				TARGETED_DEVICE_FAMILY = "1,2,7";
				TEST_TARGET_NAME = Playlet;
				XROS_DEPLOYMENT_TARGET = 2.1;
			};
			name = Debug;
		};
		1DE003412D1C044500E59081 /* Release */ = {
			isa = XCBuildConfiguration;
			baseConfigurationReference = E5B1247978E770344E3C524D /* Pods-Playlet-PlayletUITests.release.xcconfig */;
			buildSettings = {
				CODE_SIGN_STYLE = Automatic;
				CURRENT_PROJECT_VERSION = 1;
				GENERATE_INFOPLIST_FILE = YES;
				IPHONEOS_DEPLOYMENT_TARGET = 18.1;
				MACOSX_DEPLOYMENT_TARGET = 15.1;
				MARKETING_VERSION = 1.0;
				PRODUCT_BUNDLE_IDENTIFIER = com.test.PlayletUITests;
				PRODUCT_NAME = "$(TARGET_NAME)";
				SDKROOT = auto;
				SUPPORTED_PLATFORMS = "iphoneos iphonesimulator macosx xros xrsimulator";
				SWIFT_EMIT_LOC_STRINGS = NO;
				SWIFT_VERSION = 5.0;
				TARGETED_DEVICE_FAMILY = "1,2,7";
				TEST_TARGET_NAME = Playlet;
				XROS_DEPLOYMENT_TARGET = 2.1;
			};
			name = Release;
		};
/* End XCBuildConfiguration section */

/* Begin XCConfigurationList section */
		1DE0030F2D1C044300E59081 /* Build configuration list for PBXProject "Playlet" */ = {
			isa = XCConfigurationList;
			buildConfigurations = (
				1DE003372D1C044500E59081 /* Debug */,
				1DE003382D1C044500E59081 /* Release */,
			);
			defaultConfigurationIsVisible = 0;
			defaultConfigurationName = Release;
		};
		1DE003392D1C044500E59081 /* Build configuration list for PBXNativeTarget "Playlet" */ = {
			isa = XCConfigurationList;
			buildConfigurations = (
				1DE0033A2D1C044500E59081 /* Debug */,
				1DE0033B2D1C044500E59081 /* Release */,
			);
			defaultConfigurationIsVisible = 0;
			defaultConfigurationName = Release;
		};
		1DE0033C2D1C044500E59081 /* Build configuration list for PBXNativeTarget "PlayletTests" */ = {
			isa = XCConfigurationList;
			buildConfigurations = (
				1DE0033D2D1C044500E59081 /* Debug */,
				1DE0033E2D1C044500E59081 /* Release */,
			);
			defaultConfigurationIsVisible = 0;
			defaultConfigurationName = Release;
		};
		1DE0033F2D1C044500E59081 /* Build configuration list for PBXNativeTarget "PlayletUITests" */ = {
			isa = XCConfigurationList;
			buildConfigurations = (
				1DE003402D1C044500E59081 /* Debug */,
				1DE003412D1C044500E59081 /* Release */,
			);
			defaultConfigurationIsVisible = 0;
			defaultConfigurationName = Release;
		};
/* End XCConfigurationList section */
	};
	rootObject = 1DE0030C2D1C044300E59081 /* Project object */;
}
